
Microsoft Visual Studio Solution File, Format Version 12.00
# Visual Studio Version 17
VisualStudioVersion = 17.11.35312.102
MinimumVisualStudioVersion = 10.0.40219.1
Project("{FAE04EC0-301F-11D3-BF4B-00C04F79EFBC}") = "JsonBasedLocalization.Web", "JsonBasedLocalization.Web\JsonBasedLocalization.Web.csproj", "{AD681144-3984-43C6-B382-89945E125BA0}"
EndProject
Global
	GlobalSection(SolutionConfigurationPlatforms) = preSolution
		Debug|Any CPU = Debug|Any CPU
		Release|Any CPU = Release|Any CPU
	EndGlobalSection
	GlobalSection(ProjectConfigurationPlatforms) = postSolution
		{AD681144-3984-43C6-B382-89945E125BA0}.Debug|Any CPU.ActiveCfg = Debug|Any CPU
		{AD681144-3984-43C6-B382-89945E125BA0}.Debug|Any CPU.Build.0 = Debug|Any CPU
		{AD681144-3984-43C6-B382-89945E125BA0}.Release|Any CPU.ActiveCfg = Release|Any CPU
		{AD681144-3984-43C6-B382-89945E125BA0}.Release|Any CPU.Build.0 = Release|Any CPU
	EndGlobalSection
	GlobalSection(SolutionProperties) = preSolution
		HideSolutionNode = FALSE
	EndGlobalSection
	GlobalSection(ExtensibilityGlobals) = postSolution
		SolutionGuid = {61ACC386-ADEE-4608-9218-C7C214AFB626}
	EndGlobalSection
EndGlobal
